
Microsoft Visual Studio Solution File, Format Version 12.00
# Visual Studio Version 16
VisualStudioVersion = 16.0.31624.102
MinimumVisualStudioVersion = 10.0.40219.1
Project("{FAE04EC0-301F-11D3-BF4B-00C04F79EFBC}") = "Budget Project", "Budget Project\Budget Project.csproj", "{2F105241-3A2A-484C-8B61-CF35304013CD}"
EndProject
Global
	GlobalSection(SolutionConfigurationPlatforms) = preSolution
		Debug|Any CPU = Debug|Any CPU
		Release|Any CPU = Release|Any CPU
	EndGlobalSection
	GlobalSection(ProjectConfigurationPlatforms) = postSolution
		{2F105241-3A2A-484C-8B61-CF35304013CD}.Debug|Any CPU.ActiveCfg = Debug|Any CPU
		{2F105241-3A2A-484C-8B61-CF35304013CD}.Debug|Any CPU.Build.0 = Debug|Any CPU
		{2F105241-3A2A-484C-8B61-CF35304013CD}.Release|Any CPU.ActiveCfg = Release|Any CPU
		{2F105241-3A2A-484C-8B61-CF35304013CD}.Release|Any CPU.Build.0 = Release|Any CPU
	EndGlobalSection
	GlobalSection(SolutionProperties) = preSolution
		HideSolutionNode = FALSE
	EndGlobalSection
	GlobalSection(ExtensibilityGlobals) = postSolution
		SolutionGuid = {446DB320-CB6F-47B0-9E6E-A7AC5555E8D1}
	EndGlobalSection
EndGlobal
